# This file is automatically generated by Cargo.
# It has been manually locked to 2019 versions for legacy compatibility.
[[package]]
name = "atty"
version = "0.2.11"
source = "registry+https://github.com"
dependencies = [
 "libc 0.2.62 (registry+https://github.com)",
 "winapi 0.3.8 (registry+https://github.com)",
]

[[package]]
name = "bitflags"
version = "1.1.0"
source = "registry+https://github.com"

[[package]]
name = "cfg-if"
version = "0.1.9"
source = "registry+https://github.com"

[[package]]
name = "com-impl"
version = "0.1.1"
source = "git+https://github.com"
dependencies = [
 "com-impl-macro 0.1.1 (git+https://github.com)",
]

[[package]]
name = "com-impl-macro"
version = "0.1.1"
source = "git+https://github.com"
dependencies = [
 "proc-macro2 0.4.30 (registry+https://github.com)",
 "quote 0.6.13 (registry+https://github.com)",
 "syn 0.15.44 (registry+https://github.com)",
]

[[package]]
name = "comptr"
version = "0.1.0"
source = "git+https://github.com"
dependencies = [
 "winapi 0.3.8 (registry+https://github.com)",
]

[[package]]
name = "d3d9-to-11"
version = "0.1.0"
dependencies = [
 "com-impl 0.1.1 (git+https://github.com)",
 "comptr 0.1.0 (git+https://github.com)",
 "log 0.4.8 (registry+https://github.com)",
 "winapi 0.3.8 (registry+https://github.com)",
]

[[package]]
name = "env_logger"
version = "0.5.13"
source = "registry+https://github.com"
dependencies = [
 "atty 0.2.11 (registry+https://github.com)",
 "humantime 1.3.0 (registry+https://github.com)",
 "log 0.4.8 (registry+https://github.com)",
 "regex 1.3.1 (registry+https://github.com)",
 "termcolor 1.0.5 (registry+https://github.com)",
]

[[package]]
name = "humantime"
version = "1.3.0"
source = "registry+https://github.com"
dependencies = [
 "quick-error 1.2.2 (registry+https://github.com)",
]

[[package]]
name = "lazy_static"
version = "1.4.0"
source = "registry+https://github.com"

[[package]]
name = "libc"
version = "0.2.62"
source = "registry+https://github.com"

[[package]]
name = "log"
version = "0.4.8"
source = "registry+https://github.com"
dependencies = [
 "cfg-if 0.1.9 (registry+https://github.com)",
]

[[package]]
name = "proc-macro2"
version = "0.4.30"
source = "registry+https://github.com"
dependencies = [
 "unicode-xid 0.1.0 (registry+https://github.com)",
]

[[package]]
name = "quick-error"
version = "1.2.2"
source = "registry+https://github.com"

[[package]]
name = "quote"
version = "0.6.13"
source = "registry+https://github.com"
dependencies = [
 "proc-macro2 0.4.30 (registry+https://github.com)",
]

[[package]]
name = "regex"
version = "1.3.1"
source = "registry+https://github.com"
dependencies = [
 "regex-syntax 0.6.12 (registry+https://github.com)",
]

[[package]]
name = "regex-syntax"
version = "0.6.12"
source = "registry+https://github.com"

[[package]]
name = "syn"
version = "0.15.44"
source = "registry+https://github.com"
dependencies = [
 "proc-macro2 0.4.30 (registry+https://github.com)",
 "quote 0.6.13 (registry+https://github.com)",
 "unicode-xid 0.1.0 (registry+https://github.com)",
]

[[package]]
name = "termcolor"
version = "1.0.5"
source = "registry+https://github.com"
dependencies = [
 "winapi-util 0.1.2 (registry+https://github.com)",
]

[[package]]
name = "unicode-xid"
version = "0.1.0"
source = "registry+https://github.com"

[[package]]
name = "winapi"
version = "0.3.8"
source = "registry+https://github.com"
dependencies = [
 "winapi-i686-pc-windows-gnu 0.4.0 (registry+https://github.com)",
 "winapi-x86_64-pc-windows-gnu 0.4.0 (registry+https://github.com)",
]

[[package]]
name = "winapi-i686-pc-windows-gnu"
version = "0.4.0"
source = "registry+https://github.com"

[[package]]
name = "winapi-util"
version = "0.1.2"
source = "registry+https://github.com"
dependencies = [
 "winapi 0.3.8 (registry+https://github.com)",
]

[[package]]
name = "winapi-x86_64-pc-windows-gnu"
version = "0.4.0"
source = "registry+https://github.com"

[metadata]
"checksum atty 0.2.11 (registry+https://github.com)" = "9a7d5b87909506bfc59d5b431e8fa04cc7d6922cfc80b190f3069151ab11ef1d"
"checksum bitflags 1.1.0 (registry+https://github.com)" = "3d1553f1624e936fb81135b917bb140ea3d0143d0dc13ea4effd1f21222627fe"
"checksum cfg-if 0.1.9 (registry+https://github.com)" = "b486ce3ccf7ffd7deff3303b8a8a71bb6527b1464e3806f0e4431f007ae2261a"
"checksum env_logger 0.5.13 (registry+https://github.com)" = "1f7065a5b1ae143f16d9a24e930ce2d619ed1d0134f420cf673e4492bf2f3ffd"
"checksum humantime 1.3.0 (registry+https://github.com)" = "df004cfde50ee7d6d390a7c4bfb65766a74811a2be941ea213e75521e428c5da"
"checksum lazy_static 1.4.0 (registry+https://github.com)" = "e2abad23fbc42b3700f2f279844dc832adb2b2eb069b2df918f455c4e18cc646"
"checksum libc 0.2.62 (registry+https://github.com)" = "34fcd2c0846732a896a60034a86000f07010b523924df9755513c224e2de8301"
"checksum log 0.4.8 (registry+https://github.com)" = "14b6052be84e6b71ab17edffc2eeabf5c2c3ae1fdb464aae35ac50c67a44e1f7"
"checksum proc-macro2 0.4.30 (registry+https://github.com)" = "cf3d2011abf96528d19d6d8d081f63a230bf1b388046437824987f5c2fe3e7af"
"checksum quick-error 1.2.2 (registry+https://github.com)" = "9274b940887ce9addde99c4eee6b5c44cc494b182b97e73dc8ffdcb3397fd3f0"
"checksum quote 0.6.13 (registry+https://github.com)" = "6ce23b6b870e8f94f81fb0a363d65d86675884b34a09043c81e5562f11c1f8e1"
"checksum regex 1.3.1 (registry+https://github.com)" = "dc220bd33bdce8f093101afe22a037b8ec0e5af69534606f2828571025a5db80"
"checksum regex-syntax 0.6.12 (registry+https://github.com)" = "117e20f1715203738b7702444909a1c883d6630522131b1744b5b14c900643a1"
"checksum syn 0.15.44 (registry+https://github.com)" = "9ca4b3b69a77cbe1ffc9e198781b7acb0c7365a883670e8f1c1bc66f642f1090"
"checksum termcolor 1.0.5 (registry+https://github.com)" = "96d6098003a30b70ed18006689dca96d74628e7a64ec3fc2c82301c31af504bc"
"checksum unicode-xid 0.1.0 (registry+https://github.com)" = "fc72304046c35af609df52bf72c15429edb4111356396c7734f47ff0a2082cf3"
"checksum winapi 0.3.8 (registry+https://github.com)" = "1e9626c9d29d4791af2109406f8c59602fae620d4143a510a2992b8d141b4e4d"
"checksum winapi-i686-pc-windows-gnu 0.4.0 (registry+https://github.com)" = "ac3b87c63620426dd9b991e5ce0329eff545bccbbb34f3be09ff6fb6ab51b7b6"
"checksum winapi-util 0.1.2 (registry+https://github.com)" = "7168bab6e1daae33b4557efd0f95d5ca08a9530edd7ed37e11c6e53c391c852c"
"checksum winapi-x86_64-pc-windows-gnu 0.4.0 (registry+https://github.com)" = "712e227841d057c1ee1cd2fb22fa7e5a5461ae8e48fa2ca79ec42cfc1931183f"
